
Microsoft Visual Studio Solution File, Format Version 12.00
# Visual Studio Version 16
VisualStudioVersion = 16.0.30711.63
MinimumVisualStudioVersion = 10.0.40219.1
Project("{9A19103F-16F7-4668-BE54-9A1E7A4F7556}") = "Rockstar.Generator", "Rockstar.Generator\Rockstar.Generator.csproj", "{B1F9EAA7-5EC5-4BFB-85CA-ADE3789D973F}"
EndProject
Project("{FAE04EC0-301F-11D3-BF4B-00C04F79EFBC}") = "Rockstar.Tests", "Rockstar.Tests\Rockstar.Tests.csproj", "{72A0E9AD-8A0D-452C-91C3-66F1DD1109C5}"
EndProject
Global
	GlobalSection(SolutionConfigurationPlatforms) = preSolution
		Debug|Any CPU = Debug|Any CPU
		Release|Any CPU = Release|Any CPU
	EndGlobalSection
	GlobalSection(ProjectConfigurationPlatforms) = postSolution
		{B1F9EAA7-5EC5-4BFB-85CA-ADE3789D973F}.Debug|Any CPU.ActiveCfg = Debug|Any CPU
		{B1F9EAA7-5EC5-4BFB-85CA-ADE3789D973F}.Debug|Any CPU.Build.0 = Debug|Any CPU
		{B1F9EAA7-5EC5-4BFB-85CA-ADE3789D973F}.Release|Any CPU.ActiveCfg = Release|Any CPU
		{B1F9EAA7-5EC5-4BFB-85CA-ADE3789D973F}.Release|Any CPU.Build.0 = Release|Any CPU
		{72A0E9AD-8A0D-452C-91C3-66F1DD1109C5}.Debug|Any CPU.ActiveCfg = Debug|Any CPU
		{72A0E9AD-8A0D-452C-91C3-66F1DD1109C5}.Debug|Any CPU.Build.0 = Debug|Any CPU
		{72A0E9AD-8A0D-452C-91C3-66F1DD1109C5}.Release|Any CPU.ActiveCfg = Release|Any CPU
		{72A0E9AD-8A0D-452C-91C3-66F1DD1109C5}.Release|Any CPU.Build.0 = Release|Any CPU
	EndGlobalSection
	GlobalSection(SolutionProperties) = preSolution
		HideSolutionNode = FALSE
	EndGlobalSection
	GlobalSection(ExtensibilityGlobals) = postSolution
		SolutionGuid = {9948D27A-63E8-4693-BC4F-39DEC168CE90}
	EndGlobalSection
EndGlobal
